
Microsoft Visual Studio Solution File, Format Version 12.00
# Visual Studio Version 17
VisualStudioVersion = 17.9.34607.119
MinimumVisualStudioVersion = 10.0.40219.1
Project("{FAE04EC0-301F-11D3-BF4B-00C04F79EFBC}") = "two-dimensional_array_of_maximum_and_minimum", "two-dimensional_array_of_maximum_and_minimum\two-dimensional_array_of_maximum_and_minimum.csproj", "{EB98319C-E38B-4B19-9EC3-DDE22EE3B205}"
EndProject
Global
	GlobalSection(SolutionConfigurationPlatforms) = preSolution
		Debug|Any CPU = Debug|Any CPU
		Release|Any CPU = Release|Any CPU
	EndGlobalSection
	GlobalSection(ProjectConfigurationPlatforms) = postSolution
		{EB98319C-E38B-4B19-9EC3-DDE22EE3B205}.Debug|Any CPU.ActiveCfg = Debug|Any CPU
		{EB98319C-E38B-4B19-9EC3-DDE22EE3B205}.Debug|Any CPU.Build.0 = Debug|Any CPU
		{EB98319C-E38B-4B19-9EC3-DDE22EE3B205}.Release|Any CPU.ActiveCfg = Release|Any CPU
		{EB98319C-E38B-4B19-9EC3-DDE22EE3B205}.Release|Any CPU.Build.0 = Release|Any CPU
	EndGlobalSection
	GlobalSection(SolutionProperties) = preSolution
		HideSolutionNode = FALSE
	EndGlobalSection
	GlobalSection(ExtensibilityGlobals) = postSolution
		SolutionGuid = {53552970-FEA3-4E98-A75B-CA3303CCBF65}
	EndGlobalSection
EndGlobal
